
Microsoft Visual Studio Solution File, Format Version 12.00
# Visual Studio Version 16
VisualStudioVersion = 16.0.30114.105
MinimumVisualStudioVersion = 10.0.40219.1
Project("{FAE04EC0-301F-11D3-BF4B-00C04F79EFBC}") = "WebhookService", "WebhookService\WebhookService.csproj", "{CFEB39CC-F022-45C8-B3A5-A6C6A546F933}"
EndProject
Project("{FAE04EC0-301F-11D3-BF4B-00C04F79EFBC}") = "WebhookService.Tests", "WebhookService.Tests\WebhookService.Tests.csproj", "{9515A965-1912-412E-8371-845474232CEB}"
EndProject
Global
	GlobalSection(SolutionConfigurationPlatforms) = preSolution
		Debug|Any CPU = Debug|Any CPU
		Release|Any CPU = Release|Any CPU
	EndGlobalSection
	GlobalSection(SolutionProperties) = preSolution
		HideSolutionNode = FALSE
	EndGlobalSection
	GlobalSection(ProjectConfigurationPlatforms) = postSolution
		{CFEB39CC-F022-45C8-B3A5-A6C6A546F933}.Debug|Any CPU.ActiveCfg = Debug|Any CPU
		{CFEB39CC-F022-45C8-B3A5-A6C6A546F933}.Debug|Any CPU.Build.0 = Debug|Any CPU
		{CFEB39CC-F022-45C8-B3A5-A6C6A546F933}.Release|Any CPU.ActiveCfg = Release|Any CPU
		{CFEB39CC-F022-45C8-B3A5-A6C6A546F933}.Release|Any CPU.Build.0 = Release|Any CPU
		{9515A965-1912-412E-8371-845474232CEB}.Debug|Any CPU.ActiveCfg = Debug|Any CPU
		{9515A965-1912-412E-8371-845474232CEB}.Debug|Any CPU.Build.0 = Debug|Any CPU
		{9515A965-1912-412E-8371-845474232CEB}.Release|Any CPU.ActiveCfg = Release|Any CPU
		{9515A965-1912-412E-8371-845474232CEB}.Release|Any CPU.Build.0 = Release|Any CPU
	EndGlobalSection
EndGlobal
